
Microsoft Visual Studio Solution File, Format Version 12.00
# Visual Studio Version 16
VisualStudioVersion = 16.0.31112.23
MinimumVisualStudioVersion = 10.0.40219.1
Project("{FAE04EC0-301F-11D3-BF4B-00C04F79EFBC}") = "StatkiWinForms", "StatkiWinForms.csproj", "{2F674F68-FB4D-48BA-A8D8-6D3233FE692E}"
EndProject
Global
	GlobalSection(SolutionConfigurationPlatforms) = preSolution
		Debug|Any CPU = Debug|Any CPU
		Release|Any CPU = Release|Any CPU
	EndGlobalSection
	GlobalSection(ProjectConfigurationPlatforms) = postSolution
		{2F674F68-FB4D-48BA-A8D8-6D3233FE692E}.Debug|Any CPU.ActiveCfg = Debug|Any CPU
		{2F674F68-FB4D-48BA-A8D8-6D3233FE692E}.Debug|Any CPU.Build.0 = Debug|Any CPU
		{2F674F68-FB4D-48BA-A8D8-6D3233FE692E}.Release|Any CPU.ActiveCfg = Release|Any CPU
		{2F674F68-FB4D-48BA-A8D8-6D3233FE692E}.Release|Any CPU.Build.0 = Release|Any CPU
	EndGlobalSection
	GlobalSection(SolutionProperties) = preSolution
		HideSolutionNode = FALSE
	EndGlobalSection
	GlobalSection(ExtensibilityGlobals) = postSolution
		SolutionGuid = {C75100BA-1E67-4890-AAC4-CF4AEA47D58B}
	EndGlobalSection
EndGlobal
